
Microsoft Visual Studio Solution File, Format Version 12.00
# Visual Studio Version 17
VisualStudioVersion = 17.0.32014.148
MinimumVisualStudioVersion = 10.0.40219.1
Project("{FAE04EC0-301F-11D3-BF4B-00C04F79EFBC}") = "superShopAlternativeImplementation", "superShopAlternativeImplementation\superShopAlternativeImplementation.csproj", "{7676AE92-C83B-4DEE-9FD7-64144E1CB869}"
EndProject
Project("{FAE04EC0-301F-11D3-BF4B-00C04F79EFBC}") = "SuperShop.Core", "SuperShop.Core\SuperShop.Core.csproj", "{372E6D6F-7CAC-46B8-AD80-C6184F201491}"
EndProject
Project("{FAE04EC0-301F-11D3-BF4B-00C04F79EFBC}") = "SuperShop.Data", "SuperShop.Data\SuperShop.Data.csproj", "{7B62BF0E-8E4C-4AAA-8B19-B1425C0D9D53}"
EndProject
Global
	GlobalSection(SolutionConfigurationPlatforms) = preSolution
		Debug|Any CPU = Debug|Any CPU
		Release|Any CPU = Release|Any CPU
	EndGlobalSection
	GlobalSection(ProjectConfigurationPlatforms) = postSolution
		{7676AE92-C83B-4DEE-9FD7-64144E1CB869}.Debug|Any CPU.ActiveCfg = Debug|Any CPU
		{7676AE92-C83B-4DEE-9FD7-64144E1CB869}.Debug|Any CPU.Build.0 = Debug|Any CPU
		{7676AE92-C83B-4DEE-9FD7-64144E1CB869}.Release|Any CPU.ActiveCfg = Release|Any CPU
		{7676AE92-C83B-4DEE-9FD7-64144E1CB869}.Release|Any CPU.Build.0 = Release|Any CPU
		{372E6D6F-7CAC-46B8-AD80-C6184F201491}.Debug|Any CPU.ActiveCfg = Debug|Any CPU
		{372E6D6F-7CAC-46B8-AD80-C6184F201491}.Debug|Any CPU.Build.0 = Debug|Any CPU
		{372E6D6F-7CAC-46B8-AD80-C6184F201491}.Release|Any CPU.ActiveCfg = Release|Any CPU
		{372E6D6F-7CAC-46B8-AD80-C6184F201491}.Release|Any CPU.Build.0 = Release|Any CPU
		{7B62BF0E-8E4C-4AAA-8B19-B1425C0D9D53}.Debug|Any CPU.ActiveCfg = Debug|Any CPU
		{7B62BF0E-8E4C-4AAA-8B19-B1425C0D9D53}.Debug|Any CPU.Build.0 = Debug|Any CPU
		{7B62BF0E-8E4C-4AAA-8B19-B1425C0D9D53}.Release|Any CPU.ActiveCfg = Release|Any CPU
		{7B62BF0E-8E4C-4AAA-8B19-B1425C0D9D53}.Release|Any CPU.Build.0 = Release|Any CPU
	EndGlobalSection
	GlobalSection(SolutionProperties) = preSolution
		HideSolutionNode = FALSE
	EndGlobalSection
	GlobalSection(ExtensibilityGlobals) = postSolution
		SolutionGuid = {CF5A8B09-5980-44D3-9473-868BE08CF827}
	EndGlobalSection
EndGlobal
